PODS:
  - ArcProgressView (1.1.0)
  - Nimble (8.0.7)

DEPENDENCIES:
  - ArcProgressView (from `../`)
  - Nimble

SPEC REPOS:
  trunk:
    - Nimble

EXTERNAL SOURCES:
  ArcProgressView:
    :path: "../"

SPEC CHECKSUMS:
  ArcProgressView: 3029b9eabf0b85434c15e34d71aea0ce2c622fdc
  Nimble: a73af6ecd4c9106f434f3d55fc54570be3739e0b

PODFILE CHECKSUM: 9eebb7ddf4c8d96a63e8e3168032f6c54fd9c04a

COCOAPODS: 1.9.1
