PODS:
  - ArcProgressView (1.2.0)
  - Nimble (8.0.7)

DEPENDENCIES:
  - ArcProgressView (from `../`)
  - Nimble

SPEC REPOS:
  trunk:
    - Nimble

EXTERNAL SOURCES:
  ArcProgressView:
    :path: "../"

SPEC CHECKSUMS:
  ArcProgressView: fa491f3e425f6ff94e70eff6e7408383d1d7d34e
  Nimble: a73af6ecd4c9106f434f3d55fc54570be3739e0b

PODFILE CHECKSUM: 15ca4ff77ee9ce7cfe3a6e29fbaf5688fea57a53

COCOAPODS: 1.9.1
